PODS:
  - Flutter (1.0.0)
  - flutter_toast_plugin (0.0.1):
    - Flutter

DEPENDENCIES:
  - Flutter (from `Flutter`)
  - flutter_toast_plugin (from `.symlinks/plugins/flutter_toast_plugin/ios`)

EXTERNAL SOURCES:
  Flutter:
    :path: Flutter
  flutter_toast_plugin:
    :path: ".symlinks/plugins/flutter_toast_plugin/ios"

SPEC CHECKSUMS:
  Flutter: 0e3d915762c693b495b44d77113d4970485de6ec
  flutter_toast_plugin: cee3a6b711b1c08399817eac0756646a92abff50

PODFILE CHECKSUM: aafe91acc616949ddb318b77800a7f51bffa2a4c

COCOAPODS: 1.9.3
